{
  "nodes": {
    "dpcs": {
      "inputs": {
        "nixpkgs": [
          "nixpkgs"
        ]
      },
      "locked": {
        "lastModified": 1724596545,
        "narHash": "sha256-7Vxrwp512xMj8rdniWgy2hxmpQRY10+9o9niug4wtzQ=",
        "owner": "danihek",
        "repo": "dpcs",
        "rev": "d04adc91c6abf30f5d3fecd41969371896f4f6fa",
        "type": "github"
      },
      "original": {
        "owner": "danihek",
        "repo": "dpcs",
        "type": "github"
      }
    },
    "home-manager": {
      "inputs": {
        "nixpkgs": [
          "nixpkgs"
        ]
      },
      "locked": {
        "lastModified": 1723986931,
        "narHash": "sha256-Fy+KEvDQ+Hc8lJAV3t6leXhZJ2ncU5/esxkgt3b8DEY=",
        "owner": "nix-community",
        "repo": "home-manager",
        "rev": "2598861031b78aadb4da7269df7ca9ddfc3e1671",
        "type": "github"
      },
      "original": {
        "owner": "nix-community",
        "repo": "home-manager",
        "type": "github"
      }
    },
    "nixpkgs": {
      "locked": {
        "lastModified": 1723637854,
        "narHash": "sha256-med8+5DSWa2UnOqtdICndjDAEjxr5D7zaIiK4pn0Q7c=",
        "owner": "nixos",
        "repo": "nixpkgs",
        "rev": "c3aa7b8938b17aebd2deecf7be0636000d62a2b9",
        "type": "github"
      },
      "original": {
        "owner": "nixos",
        "ref": "nixos-unstable",
        "repo": "nixpkgs",
        "type": "github"
      }
    },
    "root": {
      "inputs": {
        "dpcs": "dpcs",
        "home-manager": "home-manager",
        "nixpkgs": "nixpkgs",
        "themecord": "themecord"
      }
    },
    "themecord": {
      "inputs": {
        "nixpkgs": [
          "nixpkgs"
        ]
      },
      "locked": {
        "lastModified": 1723741990,
        "narHash": "sha256-miZF6mUk2C04L6NXv7pZBsNOcTpooBbZdmyTlQV00yE=",
        "owner": "danihek",
        "repo": "Themecord",
        "rev": "8d9791d6f97492ae88d248a29bff5c126016f2ae",
        "type": "github"
      },
      "original": {
        "owner": "danihek",
        "repo": "Themecord",
        "type": "github"
      }
    }
  },
  "root": "root",
  "version": 7
}
