{
  "nodes": {
    "dpcs": {
      "inputs": {
        "nixpkgs": [
          "nixpkgs"
        ]
      },
      "locked": {
        "lastModified": 1724602029,
        "narHash": "sha256-fvEKqi8DZI5Bo8W4L5FV2DvaBK9uVlZ6nXjzSRcpENk=",
        "owner": "danihek",
        "repo": "dpcs",
        "rev": "9b204c7c23fa271dfc6a6a0bddfeb8d22d0b7b60",
        "type": "github"
      },
      "original": {
        "owner": "danihek",
        "repo": "dpcs",
        "type": "github"
      }
    },
    "flake-compat": {
      "flake": false,
      "locked": {
        "lastModified": 1696426674,
        "narHash": "sha256-kvjfFW7WAETZlt09AgDn1MrtKzP7t90Vf7vypd3OL1U=",
        "owner": "edolstra",
        "repo": "flake-compat",
        "rev": "0f9255e01c2351cc7d116c072cb317785dd33b33",
        "type": "github"
      },
      "original": {
        "owner": "edolstra",
        "repo": "flake-compat",
        "type": "github"
      }
    },
    "home-manager": {
      "inputs": {
        "nixpkgs": [
          "nixpkgs"
        ]
      },
      "locked": {
        "lastModified": 1731235328,
        "narHash": "sha256-NjavpgE9/bMe/ABvZpyHIUeYF1mqR5lhaep3wB79ucs=",
        "owner": "nix-community",
        "repo": "home-manager",
        "rev": "60bb110917844d354f3c18e05450606a435d2d10",
        "type": "github"
      },
      "original": {
        "owner": "nix-community",
        "repo": "home-manager",
        "type": "github"
      }
    },
    "nixpkgs": {
      "locked": {
        "lastModified": 1731139594,
        "narHash": "sha256-IigrKK3vYRpUu+HEjPL/phrfh7Ox881er1UEsZvw9Q4=",
        "owner": "nixos",
        "repo": "nixpkgs",
        "rev": "76612b17c0ce71689921ca12d9ffdc9c23ce40b2",
        "type": "github"
      },
      "original": {
        "owner": "nixos",
        "ref": "nixos-unstable",
        "repo": "nixpkgs",
        "type": "github"
      }
    },
    "root": {
      "inputs": {
        "dpcs": "dpcs",
        "home-manager": "home-manager",
        "nixpkgs": "nixpkgs",
        "spicetify-nix": "spicetify-nix",
        "themecord": "themecord"
      }
    },
    "spicetify-nix": {
      "inputs": {
        "flake-compat": "flake-compat",
        "nixpkgs": [
          "nixpkgs"
        ]
      },
      "locked": {
        "lastModified": 1731384954,
        "narHash": "sha256-lTq/3IR2RoIKqbP8PORTV/iEdxVee6MyHMsjgIOQs4s=",
        "owner": "Gerg-L",
        "repo": "spicetify-nix",
        "rev": "a3cffdcb8992825929b115ea8030f806ed1ad24f",
        "type": "github"
      },
      "original": {
        "owner": "Gerg-L",
        "repo": "spicetify-nix",
        "type": "github"
      }
    },
    "themecord": {
      "inputs": {
        "nixpkgs": [
          "nixpkgs"
        ]
      },
      "locked": {
        "lastModified": 1730423227,
        "narHash": "sha256-l6GrzdZIyoTTLeRChcwNU1aF2thkoc4BmfAGD6FoVSo=",
        "owner": "danihek",
        "repo": "Themecord",
        "rev": "2fbcd5bcdd21d373103fae73b68516bbe8cb44f4",
        "type": "github"
      },
      "original": {
        "owner": "danihek",
        "repo": "Themecord",
        "type": "github"
      }
    }
  },
  "root": "root",
  "version": 7
}
